
Microsoft Visual Studio Solution File, Format Version 12.00
# Visual Studio 15
VisualStudioVersion = 15.0.28010.2016
MinimumVisualStudioVersion = 10.0.40219.1
Project("{8BC9CEB8-8B4A-11D0-8D11-00A0C91BC942}") = "labwork3", "labwork3\labwork3.vcxproj", "{20DDAF25-9F79-4766-8BBA-86D73DEA54CA}"
EndProject
Global
	GlobalSection(SolutionConfigurationPlatforms) = preSolution
		Debug|x64 = Debug|x64
		Debug|x86 = Debug|x86
		Release|x64 = Release|x64
		Release|x86 = Release|x86
	EndGlobalSection
	GlobalSection(ProjectConfigurationPlatforms) = postSolution
		{20DDAF25-9F79-4766-8BBA-86D73DEA54CA}.Debug|x64.ActiveCfg = Debug|x64
		{20DDAF25-9F79-4766-8BBA-86D73DEA54CA}.Debug|x64.Build.0 = Debug|x64
		{20DDAF25-9F79-4766-8BBA-86D73DEA54CA}.Debug|x86.ActiveCfg = Debug|Win32
		{20DDAF25-9F79-4766-8BBA-86D73DEA54CA}.Debug|x86.Build.0 = Debug|Win32
		{20DDAF25-9F79-4766-8BBA-86D73DEA54CA}.Release|x64.ActiveCfg = Release|x64
		{20DDAF25-9F79-4766-8BBA-86D73DEA54CA}.Release|x64.Build.0 = Release|x64
		{20DDAF25-9F79-4766-8BBA-86D73DEA54CA}.Release|x86.ActiveCfg = Release|Win32
		{20DDAF25-9F79-4766-8BBA-86D73DEA54CA}.Release|x86.Build.0 = Release|Win32
	EndGlobalSection
	GlobalSection(SolutionProperties) = preSolution
		HideSolutionNode = FALSE
	EndGlobalSection
	GlobalSection(ExtensibilityGlobals) = postSolution
		SolutionGuid = {9607E65A-A841-40B6-BB72-BADBF8C1787D}
	EndGlobalSection
EndGlobal
